
Microsoft Visual Studio Solution File, Format Version 12.00
# Visual Studio 15
VisualStudioVersion = 15.0.26730.16
MinimumVisualStudioVersion = 10.0.40219.1
Project("{FAE04EC0-301F-11D3-BF4B-00C04F79EFBC}") = "DependencyInjection", "DependencyInjection\DependencyInjection.csproj", "{1ED2CC2B-99EC-44D3-9C8D-2CB1D64C29FB}"
EndProject
Project("{FAE04EC0-301F-11D3-BF4B-00C04F79EFBC}") = "DependencyInjectionTest", "DependencyInjectionTest\DependencyInjectionTest.csproj", "{4646A511-9991-4B30-B366-75B6D23C854A}"
EndProject
Project("{FAE04EC0-301F-11D3-BF4B-00C04F79EFBC}") = "HandyBar", "HandyBar\HandyBar.csproj", "{EC29084D-3BDD-4DA0-9D95-B57182B5AB20}"
EndProject
Project("{FAE04EC0-301F-11D3-BF4B-00C04F79EFBC}") = "LettersAndNumbers", "LettersAndNumbers\LettersAndNumbers.csproj", "{08BE5F1C-AA4F-42F6-8A97-1B78EEF9EEC2}"
EndProject
Project("{FAE04EC0-301F-11D3-BF4B-00C04F79EFBC}") = "MailForwarder", "MailForwarder\MailForwarder.csproj", "{498F4C33-A4C7-4E8E-993D-414627D39E2B}"
EndProject
Project("{FAE04EC0-301F-11D3-BF4B-00C04F79EFBC}") = "MvcMovie", "MvcMovie\MvcMovie.csproj", "{265EDBDB-44CC-463A-B07B-D69BA1C50B51}"
EndProject
Project("{FAE04EC0-301F-11D3-BF4B-00C04F79EFBC}") = "MvcMovieTest", "MvcMovieTest\MvcMovieTest.csproj", "{842ED9B8-A5ED-4EFC-887C-91B2972DF343}"
EndProject
Project("{FAE04EC0-301F-11D3-BF4B-00C04F79EFBC}") = "ShortcutBar", "ShortcutBar\ShortcutBar.csproj", "{64BC09AE-5B16-46AD-9FCF-29BCCBE560DD}"
EndProject
Project("{FAE04EC0-301F-11D3-BF4B-00C04F79EFBC}") = "VacationTracker", "VacationTracker\VacationTracker.csproj", "{C54ECA22-C48C-40E6-B07A-F107EA04F58B}"
EndProject
Project("{FAE04EC0-301F-11D3-BF4B-00C04F79EFBC}") = "GetDynatraceXml", "GetDynatraceXml\GetDynatraceXml.csproj", "{6291B80A-1B72-4281-8FA6-535432BBF4B8}"
EndProject
Project("{FAE04EC0-301F-11D3-BF4B-00C04F79EFBC}") = "CloudinaryImageUpload", "CloudinaryImageUpload\CloudinaryImageUpload.csproj", "{EA8C22A6-DF3A-46D9-B922-B1ECDF46B27B}"
EndProject
Project("{FAE04EC0-301F-11D3-BF4B-00C04F79EFBC}") = "PdfGenerator", "PdfGenerator\PdfGenerator.csproj", "{9D441409-DEB2-4D88-A78C-8C749780D205}"
EndProject
Project("{FAE04EC0-301F-11D3-BF4B-00C04F79EFBC}") = "PdfShrinker", "PdfShrinker\PdfShrinker.csproj", "{F8A94D94-AC76-485E-931B-AA63F9B07C41}"
EndProject
Project("{FAE04EC0-301F-11D3-BF4B-00C04F79EFBC}") = "UnderPressure", "UnderPressure\UnderPressure.csproj", "{55A2FF8F-3318-42DE-B75B-22FF43D60CB5}"
EndProject
Project("{FAE04EC0-301F-11D3-BF4B-00C04F79EFBC}") = "SignalRChat", "SignalRChat\SignalRChat.csproj", "{8D071694-E214-427E-B18A-5CFD4DB8B11A}"
EndProject
Project("{FAE04EC0-301F-11D3-BF4B-00C04F79EFBC}") = "DoSomething", "DoSomething\DoSomething.csproj", "{1C51A408-1A0B-4BAC-B528-CA62E42EEC57}"
EndProject
Project("{FAE04EC0-301F-11D3-BF4B-00C04F79EFBC}") = "ConsoleApp", "ConsoleApp\ConsoleApp.csproj", "{94AD6264-FA95-4276-891E-279A6FCD6A94}"
EndProject
Project("{FAE04EC0-301F-11D3-BF4B-00C04F79EFBC}") = "OfficeDocToPdf", "OfficeDocToPdf\OfficeDocToPdf.csproj", "{415D9EB3-4471-44A5-82B0-B8A6CA1FCF03}"
EndProject
Project("{FAE04EC0-301F-11D3-BF4B-00C04F79EFBC}") = "SystemHealthCheck", "SystemHealthCheck\SystemHealthCheck.csproj", "{DADA4088-A42D-497C-A26D-B0013D87A391}"
EndProject
Global
	GlobalSection(SolutionConfigurationPlatforms) = preSolution
		Debug|Any CPU = Debug|Any CPU
		Release|Any CPU = Release|Any CPU
	EndGlobalSection
	GlobalSection(ProjectConfigurationPlatforms) = postSolution
		{1ED2CC2B-99EC-44D3-9C8D-2CB1D64C29FB}.Debug|Any CPU.ActiveCfg = Debug|Any CPU
		{1ED2CC2B-99EC-44D3-9C8D-2CB1D64C29FB}.Debug|Any CPU.Build.0 = Debug|Any CPU
		{1ED2CC2B-99EC-44D3-9C8D-2CB1D64C29FB}.Release|Any CPU.ActiveCfg = Release|Any CPU
		{1ED2CC2B-99EC-44D3-9C8D-2CB1D64C29FB}.Release|Any CPU.Build.0 = Release|Any CPU
		{4646A511-9991-4B30-B366-75B6D23C854A}.Debug|Any CPU.ActiveCfg = Debug|Any CPU
		{4646A511-9991-4B30-B366-75B6D23C854A}.Debug|Any CPU.Build.0 = Debug|Any CPU
		{4646A511-9991-4B30-B366-75B6D23C854A}.Release|Any CPU.ActiveCfg = Release|Any CPU
		{4646A511-9991-4B30-B366-75B6D23C854A}.Release|Any CPU.Build.0 = Release|Any CPU
		{EC29084D-3BDD-4DA0-9D95-B57182B5AB20}.Debug|Any CPU.ActiveCfg = Debug|Any CPU
		{EC29084D-3BDD-4DA0-9D95-B57182B5AB20}.Debug|Any CPU.Build.0 = Debug|Any CPU
		{EC29084D-3BDD-4DA0-9D95-B57182B5AB20}.Release|Any CPU.ActiveCfg = Release|Any CPU
		{EC29084D-3BDD-4DA0-9D95-B57182B5AB20}.Release|Any CPU.Build.0 = Release|Any CPU
		{08BE5F1C-AA4F-42F6-8A97-1B78EEF9EEC2}.Debug|Any CPU.ActiveCfg = Debug|Any CPU
		{08BE5F1C-AA4F-42F6-8A97-1B78EEF9EEC2}.Debug|Any CPU.Build.0 = Debug|Any CPU
		{08BE5F1C-AA4F-42F6-8A97-1B78EEF9EEC2}.Release|Any CPU.ActiveCfg = Release|Any CPU
		{08BE5F1C-AA4F-42F6-8A97-1B78EEF9EEC2}.Release|Any CPU.Build.0 = Release|Any CPU
		{498F4C33-A4C7-4E8E-993D-414627D39E2B}.Debug|Any CPU.ActiveCfg = Debug|Any CPU
		{498F4C33-A4C7-4E8E-993D-414627D39E2B}.Debug|Any CPU.Build.0 = Debug|Any CPU
		{498F4C33-A4C7-4E8E-993D-414627D39E2B}.Release|Any CPU.ActiveCfg = Release|Any CPU
		{498F4C33-A4C7-4E8E-993D-414627D39E2B}.Release|Any CPU.Build.0 = Release|Any CPU
		{265EDBDB-44CC-463A-B07B-D69BA1C50B51}.Debug|Any CPU.ActiveCfg = Debug|Any CPU
		{265EDBDB-44CC-463A-B07B-D69BA1C50B51}.Debug|Any CPU.Build.0 = Debug|Any CPU
		{265EDBDB-44CC-463A-B07B-D69BA1C50B51}.Release|Any CPU.ActiveCfg = Release|Any CPU
		{265EDBDB-44CC-463A-B07B-D69BA1C50B51}.Release|Any CPU.Build.0 = Release|Any CPU
		{842ED9B8-A5ED-4EFC-887C-91B2972DF343}.Debug|Any CPU.ActiveCfg = Debug|Any CPU
		{842ED9B8-A5ED-4EFC-887C-91B2972DF343}.Debug|Any CPU.Build.0 = Debug|Any CPU
		{842ED9B8-A5ED-4EFC-887C-91B2972DF343}.Release|Any CPU.ActiveCfg = Release|Any CPU
		{842ED9B8-A5ED-4EFC-887C-91B2972DF343}.Release|Any CPU.Build.0 = Release|Any CPU
		{64BC09AE-5B16-46AD-9FCF-29BCCBE560DD}.Debug|Any CPU.ActiveCfg = Debug|Any CPU
		{64BC09AE-5B16-46AD-9FCF-29BCCBE560DD}.Debug|Any CPU.Build.0 = Debug|Any CPU
		{64BC09AE-5B16-46AD-9FCF-29BCCBE560DD}.Release|Any CPU.ActiveCfg = Release|Any CPU
		{64BC09AE-5B16-46AD-9FCF-29BCCBE560DD}.Release|Any CPU.Build.0 = Release|Any CPU
		{C54ECA22-C48C-40E6-B07A-F107EA04F58B}.Debug|Any CPU.ActiveCfg = Debug|Any CPU
		{C54ECA22-C48C-40E6-B07A-F107EA04F58B}.Debug|Any CPU.Build.0 = Debug|Any CPU
		{C54ECA22-C48C-40E6-B07A-F107EA04F58B}.Release|Any CPU.ActiveCfg = Release|Any CPU
		{C54ECA22-C48C-40E6-B07A-F107EA04F58B}.Release|Any CPU.Build.0 = Release|Any CPU
		{6291B80A-1B72-4281-8FA6-535432BBF4B8}.Debug|Any CPU.ActiveCfg = Debug|Any CPU
		{6291B80A-1B72-4281-8FA6-535432BBF4B8}.Debug|Any CPU.Build.0 = Debug|Any CPU
		{6291B80A-1B72-4281-8FA6-535432BBF4B8}.Release|Any CPU.ActiveCfg = Release|Any CPU
		{6291B80A-1B72-4281-8FA6-535432BBF4B8}.Release|Any CPU.Build.0 = Release|Any CPU
		{EA8C22A6-DF3A-46D9-B922-B1ECDF46B27B}.Debug|Any CPU.ActiveCfg = Debug|Any CPU
		{EA8C22A6-DF3A-46D9-B922-B1ECDF46B27B}.Debug|Any CPU.Build.0 = Debug|Any CPU
		{EA8C22A6-DF3A-46D9-B922-B1ECDF46B27B}.Release|Any CPU.ActiveCfg = Release|Any CPU
		{EA8C22A6-DF3A-46D9-B922-B1ECDF46B27B}.Release|Any CPU.Build.0 = Release|Any CPU
		{9D441409-DEB2-4D88-A78C-8C749780D205}.Debug|Any CPU.ActiveCfg = Debug|Any CPU
		{9D441409-DEB2-4D88-A78C-8C749780D205}.Debug|Any CPU.Build.0 = Debug|Any CPU
		{9D441409-DEB2-4D88-A78C-8C749780D205}.Release|Any CPU.ActiveCfg = Release|Any CPU
		{9D441409-DEB2-4D88-A78C-8C749780D205}.Release|Any CPU.Build.0 = Release|Any CPU
		{F8A94D94-AC76-485E-931B-AA63F9B07C41}.Debug|Any CPU.ActiveCfg = Debug|Any CPU
		{F8A94D94-AC76-485E-931B-AA63F9B07C41}.Debug|Any CPU.Build.0 = Debug|Any CPU
		{F8A94D94-AC76-485E-931B-AA63F9B07C41}.Release|Any CPU.ActiveCfg = Release|Any CPU
		{F8A94D94-AC76-485E-931B-AA63F9B07C41}.Release|Any CPU.Build.0 = Release|Any CPU
		{55A2FF8F-3318-42DE-B75B-22FF43D60CB5}.Debug|Any CPU.ActiveCfg = Debug|Any CPU
		{55A2FF8F-3318-42DE-B75B-22FF43D60CB5}.Release|Any CPU.ActiveCfg = Release|Any CPU
		{55A2FF8F-3318-42DE-B75B-22FF43D60CB5}.Release|Any CPU.Build.0 = Release|Any CPU
		{8D071694-E214-427E-B18A-5CFD4DB8B11A}.Debug|Any CPU.ActiveCfg = Debug|Any CPU
		{8D071694-E214-427E-B18A-5CFD4DB8B11A}.Debug|Any CPU.Build.0 = Debug|Any CPU
		{8D071694-E214-427E-B18A-5CFD4DB8B11A}.Release|Any CPU.ActiveCfg = Release|Any CPU
		{8D071694-E214-427E-B18A-5CFD4DB8B11A}.Release|Any CPU.Build.0 = Release|Any CPU
		{1C51A408-1A0B-4BAC-B528-CA62E42EEC57}.Debug|Any CPU.ActiveCfg = Debug|Any CPU
		{1C51A408-1A0B-4BAC-B528-CA62E42EEC57}.Debug|Any CPU.Build.0 = Debug|Any CPU
		{1C51A408-1A0B-4BAC-B528-CA62E42EEC57}.Release|Any CPU.ActiveCfg = Release|Any CPU
		{1C51A408-1A0B-4BAC-B528-CA62E42EEC57}.Release|Any CPU.Build.0 = Release|Any CPU
		{94AD6264-FA95-4276-891E-279A6FCD6A94}.Debug|Any CPU.ActiveCfg = Debug|Any CPU
		{94AD6264-FA95-4276-891E-279A6FCD6A94}.Debug|Any CPU.Build.0 = Debug|Any CPU
		{94AD6264-FA95-4276-891E-279A6FCD6A94}.Release|Any CPU.ActiveCfg = Release|Any CPU
		{94AD6264-FA95-4276-891E-279A6FCD6A94}.Release|Any CPU.Build.0 = Release|Any CPU
		{415D9EB3-4471-44A5-82B0-B8A6CA1FCF03}.Debug|Any CPU.ActiveCfg = Debug|Any CPU
		{415D9EB3-4471-44A5-82B0-B8A6CA1FCF03}.Debug|Any CPU.Build.0 = Debug|Any CPU
		{415D9EB3-4471-44A5-82B0-B8A6CA1FCF03}.Release|Any CPU.ActiveCfg = Release|Any CPU
		{415D9EB3-4471-44A5-82B0-B8A6CA1FCF03}.Release|Any CPU.Build.0 = Release|Any CPU
		{DADA4088-A42D-497C-A26D-B0013D87A391}.Debug|Any CPU.ActiveCfg = Debug|Any CPU
		{DADA4088-A42D-497C-A26D-B0013D87A391}.Debug|Any CPU.Build.0 = Debug|Any CPU
		{DADA4088-A42D-497C-A26D-B0013D87A391}.Release|Any CPU.ActiveCfg = Release|Any CPU
		{DADA4088-A42D-497C-A26D-B0013D87A391}.Release|Any CPU.Build.0 = Release|Any CPU
	EndGlobalSection
	GlobalSection(SolutionProperties) = preSolution
		HideSolutionNode = FALSE
	EndGlobalSection
	GlobalSection(ExtensibilityGlobals) = postSolution
		SolutionGuid = {9A4808F3-06D9-46CE-B17A-84E82316C3C2}
	EndGlobalSection
EndGlobal
